# THIS IS AN AUTOGENERATED FILE. DO NOT EDIT THIS FILE DIRECTLY.
# yarn lockfile v1


"@calcit/ternary-tree@0.0.24":
  version "0.0.24"
  resolved "https://registry.yarnpkg.com/@calcit/ternary-tree/-/ternary-tree-0.0.24.tgz#9b58cf9f76c08c3995b98b59c71b85e1da32385c"
  integrity sha512-IGs+VNYIrIF2bI3/cnQe2lFmZYaJe3+A0LArDloGbNaEzUTRoyba37FTZ8K9C+XRpUAO9K0q61sKY2vb4teWAA==

"@cirru/parser.ts@^0.0.6":
  version "0.0.6"
  resolved "https://registry.yarnpkg.com/@cirru/parser.ts/-/parser.ts-0.0.6.tgz#b95a84e02273fcbd71ff100925782b6f86410234"
  integrity sha512-qpDNPq+IuuwYjQFI+wzpd3ntbF7lwJs90v1XWyLQbL9Ru4ld4aHxVGwW/9F/QOu5mEGCMXtagCoYDf0HtOpDZg==

"@cirru/writer.ts@^0.1.5":
  version "0.1.5"
  resolved "https://registry.yarnpkg.com/@cirru/writer.ts/-/writer.ts-0.1.5.tgz#890d96cd4a69609f1682932dad5d2d467abb327e"
  integrity sha512-QQVFJAOIdUtVJZwT23THZOzumSDXCLMQ0yFz5DzIGlWGXPNBuB7BwUvGtRuiQrzM2XV7ALOWmNsVC7vEOjObQQ==

"@types/node@^22.10.7":
  version "22.10.7"
  resolved "https://registry.yarnpkg.com/@types/node/-/node-22.10.7.tgz#14a1ca33fd0ebdd9d63593ed8d3fbc882a6d28d7"
  integrity sha512-V09KvXxFiutGp6B7XkpaDXlNadZxrzajcY50EuoLIpQ6WWYCSvf19lVIazzfIzQvhUN2HjX12spLojTnhuKlGg==
  dependencies:
    undici-types "~6.20.0"

typescript@^5.7.3:
  version "5.7.3"
  resolved "https://registry.yarnpkg.com/typescript/-/typescript-5.7.3.tgz#919b44a7dbb8583a9b856d162be24a54bf80073e"
  integrity sha512-84MVSjMEHP+FQRPy3pX9sTVV/INIex71s9TL2Gm5FG/WG1SqXeKyZ0k7/blY/4FdOzI12CBy1vGc4og/eus0fw==

undici-types@~6.20.0:
  version "6.20.0"
  resolved "https://registry.yarnpkg.com/undici-types/-/undici-types-6.20.0.tgz#8171bf22c1f588d1554d55bf204bc624af388433"
  integrity sha512-Ny6QZ2Nju20vw1SRHe3d9jVu6gJ+4e3+MMpqu7pqE5HT6WsTSlce++GQmK5UXS8mzV8DSYHrQH+Xrf2jVcuKNg==
