# This file is generated by running "yarn install" inside your project.
# Manual changes might be lost - proceed with caution!

__metadata:
  version: 8
  cacheKey: 10c0

"@calcit/procs@workspace:.":
  version: 0.0.0-use.local
  resolution: "@calcit/procs@workspace:."
  dependencies:
    "@calcit/ternary-tree": "npm:0.0.26"
    "@cirru/parser.ts": "npm:^0.0.9"
    "@cirru/writer.ts": "npm:^0.1.8"
    "@types/node": "npm:^25.0.9"
    typescript: "npm:^6.0.2"
  languageName: unknown
  linkType: soft

"@calcit/ternary-tree@npm:0.0.26":
  version: 0.0.26
  resolution: "@calcit/ternary-tree@npm:0.0.26"
  checksum: 10c0/53fee664f72e25f3512f3a61c917fe7926e2620caab1fed68e030ee4ddf905be68b4249c2e644a4db7cadb96b23594059f73fa9c475af8a79526e8d145736563
  languageName: node
  linkType: hard

"@cirru/parser.ts@npm:^0.0.9":
  version: 0.0.9
  resolution: "@cirru/parser.ts@npm:0.0.9"
  checksum: 10c0/3b13623b8f627ac81adae0cb6a4e3664f0da09115a997ca9b78b8d5d0b0f9b9b18c1ad847e068831cb1052c7da2a00329d2af04421b1024a004eef0ddca5fd7a
  languageName: node
  linkType: hard

"@cirru/writer.ts@npm:^0.1.8":
  version: 0.1.8
  resolution: "@cirru/writer.ts@npm:0.1.8"
  checksum: 10c0/d84bbfd9ef2de3b94b131dcab13446094b71e4d5e6a93df927dc591f73607c09316ebac33fd0859b6a0da874d024a288ec3af38105b4c938599c2c12540a67ec
  languageName: node
  linkType: hard

"@types/node@npm:^25.0.9":
  version: 25.0.9
  resolution: "@types/node@npm:25.0.9"
  dependencies:
    undici-types: "npm:~7.16.0"
  checksum: 10c0/a757efafe303d9c8833eb53c2e9a0981cd5ac725cdc04c5612a71db86468c938778d4fa328be4231b68fffc68258638764df7b9c69e86cf55f0bb67105eb056f
  languageName: node
  linkType: hard

"typescript@npm:^6.0.2":
  version: 6.0.2
  resolution: "typescript@npm:6.0.2"
  bin:
    tsc: bin/tsc
    tsserver: bin/tsserver
  checksum: 10c0/4b860b0bf87cc0fee0f66d8ef2640b5a8a8a8c74d1129adb82e389e5f97124383823c47946bef8a73ede371461143a3aa8544399d2133c7b2e4f07e81860af7f
  languageName: node
  linkType: hard

"typescript@patch:typescript@npm%3A^6.0.2#optional!builtin<compat/typescript>":
  version: 6.0.2
  resolution: "typescript@patch:typescript@npm%3A6.0.2#optional!builtin<compat/typescript>::version=6.0.2&hash=5786d5"
  bin:
    tsc: bin/tsc
    tsserver: bin/tsserver
  checksum: 10c0/49f0b84fc6ca55653e77752b8a61beabc09ee3dae5d965c31596225aa6ef213c5727b1d2e895b900416dc603854ba0872ac4a812c2a4ed6793a601f9c675de02
  languageName: node
  linkType: hard

"undici-types@npm:~7.16.0":
  version: 7.16.0
  resolution: "undici-types@npm:7.16.0"
  checksum: 10c0/3033e2f2b5c9f1504bdc5934646cb54e37ecaca0f9249c983f7b1fc2e87c6d18399ebb05dc7fd5419e02b2e915f734d872a65da2e3eeed1813951c427d33cc9a
  languageName: node
  linkType: hard
